{
    "_readme": [
        "This file locks the dependencies of your project to a known state",
        "Read more about it at https://getcomposer.org/doc/01-basic-usage.md#composer-lock-the-lock-file",
        "This file is @generated automatically"
    ],
    "hash": "bffe53d668a5c9014dde7575946dd81a",
    "packages": [
        {
            "name": "doctrine/doctrine1",
            "version": "v1.2.5",
            "source": {
                "type": "git",
                "url": "https://github.com/doctrine/doctrine1.git",
                "reference": "88903e2d7d82852ec9b80ccbf02bd8e6fa2cbec6"
            },
            "dist": {
                "type": "zip",
                "url": "https://api.github.com/repos/doctrine/doctrine1/zipball/88903e2d7d82852ec9b80ccbf02bd8e6fa2cbec6",
                "reference": "88903e2d7d82852ec9b80ccbf02bd8e6fa2cbec6",
                "shasum": ""
            },
            "require": {
                "ext-pdo": "*",
                "php": ">=5.2.3"
            },
            "type": "library",
            "autoload": {
                "psr-0": {
                    "Doctrine_": "lib/"
                }
            },
            "notification-url": "https://packagist.org/downloads/",
            "license": [
                "LGPL"
            ],
            "authors": [
                {
                    "name": "Jonathan Wage",
                    "email": "jonwage@gmail.com",
                    "homepage": "http://www.jwage.com/",
                    "role": "Creator"
                },
                {
                    "name": "Konsta Vesterinen",
                    "email": "kvesteri@cc.hut.fi"
                }
            ],
            "description": "PHP5 Database ORM",
            "homepage": "http://www.doctrine-project.org",
            "keywords": [
                "database",
                "orm"
            ],
            "time": "2012-04-01 17:53:05"
        },
        {
            "name": "zendframework/zendframework1",
            "version": "1.12.13",
            "source": {
                "type": "git",
                "url": "https://github.com/zendframework/zf1.git",
                "reference": "9c9361fb70fd15876f885c893bdb845e21874b92"
            },
            "dist": {
                "type": "zip",
                "url": "https://api.github.com/repos/zendframework/zf1/zipball/9c9361fb70fd15876f885c893bdb845e21874b92",
                "reference": "9c9361fb70fd15876f885c893bdb845e21874b92",
                "shasum": ""
            },
            "require": {
                "php": ">=5.2.11"
            },
            "require-dev": {
                "phpunit/dbunit": "1.3.*",
                "phpunit/phpunit": "3.7.*"
            },
            "type": "library",
            "extra": {
                "branch-alias": {
                    "dev-master": "1.12.x-dev"
                }
            },
            "autoload": {
                "psr-0": {
                    "Zend_": "library/"
                }
            },
            "notification-url": "https://packagist.org/downloads/",
            "include-path": [
                "library/"
            ],
            "license": [
                "BSD-3-Clause"
            ],
            "description": "Zend Framework 1",
            "homepage": "http://framework.zend.com/",
            "keywords": [
                "ZF1",
                "framework"
            ],
            "time": "2015-05-20 15:07:54"
        },
        {
            "name": "zendframework/zf1-extras",
            "version": "1.12.13",
            "source": {
                "type": "git",
                "url": "https://github.com/zendframework/zf1-extras.git",
                "reference": "f542f2b6709459e5edc0f4891c95d30f5d9fa61b"
            },
            "dist": {
                "type": "zip",
                "url": "https://api.github.com/repos/zendframework/zf1-extras/zipball/f542f2b6709459e5edc0f4891c95d30f5d9fa61b",
                "reference": "f542f2b6709459e5edc0f4891c95d30f5d9fa61b",
                "shasum": ""
            },
            "require": {
                "php": ">=5.2.11",
                "zendframework/zendframework1": "1.12.*"
            },
            "type": "library",
            "extra": {
                "branch-alias": {
                    "dev-master": "1.12.x-dev"
                }
            },
            "autoload": {
                "psr-0": {
                    "ZendX_": "library/"
                }
            },
            "notification-url": "https://packagist.org/downloads/",
            "include-path": [
                "library/"
            ],
            "license": [
                "BSD-3-Clause"
            ],
            "description": "Zend Framework 1 Extras",
            "homepage": "http://framework.zend.com/",
            "keywords": [
                "ZF1",
                "framework"
            ],
            "time": "2015-05-20 15:11:39"
        }
    ],
    "packages-dev": [
        {
            "name": "andres-montanez/magallanes",
            "version": "1.0.6",
            "source": {
                "type": "git",
                "url": "https://github.com/andres-montanez/Magallanes.git",
                "reference": "781213dd732be8c2e0f6c430629c0c5ea520405e"
            },
            "dist": {
                "type": "zip",
                "url": "https://api.github.com/repos/andres-montanez/Magallanes/zipball/781213dd732be8c2e0f6c430629c0c5ea520405e",
                "reference": "781213dd732be8c2e0f6c430629c0c5ea520405e",
                "shasum": ""
            },
            "require": {
                "php": ">=5.3"
            },
            "require-dev": {
                "malkusch/php-mock": "dev-php-5.3",
                "phpunit/phpunit": "4.3.5",
                "satooshi/php-coveralls": ">=0.6.1"
            },
            "bin": [
                "bin/mage"
            ],
            "type": "library",
            "autoload": {
                "psr-4": {
                    "Mage\\": "./Mage",
                    "Task\\": [
                        ".mage/tasks",
                        "../../../.mage/tasks"
                    ],
                    "Command\\": [
                        ".mage/tasks",
                        "../../../.mage/commands"
                    ]
                }
            },
            "notification-url": "https://packagist.org/downloads/",
            "license": [
                "MIT"
            ],
            "description": "A Deployment Tool for PHP Applications",
            "homepage": "http://magephp.com",
            "keywords": [
                "deployment"
            ],
            "time": "2015-04-12 19:45:32"
        }
    ],
    "aliases": [],
    "minimum-stability": "stable",
    "stability-flags": [],
    "prefer-stable": false,
    "prefer-lowest": false,
    "platform": [],
    "platform-dev": []
}
